
Microsoft Visual Studio Solution File, Format Version 12.00
# Visual Studio Version 17
VisualStudioVersion = 17.10.35027.167
MinimumVisualStudioVersion = 10.0.40219.1
Project("{FAE04EC0-301F-11D3-BF4B-00C04F79EFBC}") = "RabbitMQ_Console", "RabbitMQ_Console\RabbitMQ_Console.csproj", "{0C31063E-7AA8-43CD-8B7F-EA363C7DD365}"
EndProject
Global
	GlobalSection(SolutionConfigurationPlatforms) = preSolution
		Debug|Any CPU = Debug|Any CPU
		Release|Any CPU = Release|Any CPU
	EndGlobalSection
	GlobalSection(ProjectConfigurationPlatforms) = postSolution
		{0C31063E-7AA8-43CD-8B7F-EA363C7DD365}.Debug|Any CPU.ActiveCfg = Debug|Any CPU
		{0C31063E-7AA8-43CD-8B7F-EA363C7DD365}.Debug|Any CPU.Build.0 = Debug|Any CPU
		{0C31063E-7AA8-43CD-8B7F-EA363C7DD365}.Release|Any CPU.ActiveCfg = Release|Any CPU
		{0C31063E-7AA8-43CD-8B7F-EA363C7DD365}.Release|Any CPU.Build.0 = Release|Any CPU
	EndGlobalSection
	GlobalSection(SolutionProperties) = preSolution
		HideSolutionNode = FALSE
	EndGlobalSection
	GlobalSection(ExtensibilityGlobals) = postSolution
		SolutionGuid = {C6C01ED5-ACE7-4661-A986-F903A9860D98}
	EndGlobalSection
EndGlobal
